
Microsoft Visual Studio Solution File, Format Version 12.00
# Visual Studio 14
VisualStudioVersion = 14.0.23107.0
MinimumVisualStudioVersion = 10.0.40219.1
Project("{FAE04EC0-301F-11D3-BF4B-00C04F79EFBC}") = "04-Change Calculator", "04-Change Calculator\04-Change Calculator.csproj", "{DDC127A0-3439-4F40-983B-90F6FF093907}"
EndProject
Global
	GlobalSection(SolutionConfigurationPlatforms) = preSolution
		Debug|Any CPU = Debug|Any CPU
		Release|Any CPU = Release|Any CPU
	EndGlobalSection
	GlobalSection(ProjectConfigurationPlatforms) = postSolution
		{DDC127A0-3439-4F40-983B-90F6FF093907}.Debug|Any CPU.ActiveCfg = Debug|Any CPU
		{DDC127A0-3439-4F40-983B-90F6FF093907}.Debug|Any CPU.Build.0 = Debug|Any CPU
		{DDC127A0-3439-4F40-983B-90F6FF093907}.Release|Any CPU.ActiveCfg = Release|Any CPU
		{DDC127A0-3439-4F40-983B-90F6FF093907}.Release|Any CPU.Build.0 = Release|Any CPU
	EndGlobalSection
	GlobalSection(SolutionProperties) = preSolution
		HideSolutionNode = FALSE
	EndGlobalSection
EndGlobal
